{
    "version": "0.5",
    "requires": [
        "zlib/1.2.13#e377bee636333ae348d51ca90874e353%1682597484.674",
        "xorg/system#de8fc1917bb3d11cf7a1d15eccf79c16%1681842477.341",
        "xkeyboard-config/system#493c19865261899b6633ecb43ce536d6%1672760927.706",
        "xkbcommon/1.5.0#9295f3af8cca4d3c1b5e119daa5cc536%1684505308.282",
        "wayland/1.21.0#c070265933a9ae40d0ee1af6cd273c4c%1684505246.314",
        "sqlite3/3.41.1#a367521f65fc33539addbebededbf873%1678726695.927",
        "qt/6.5.1#1f7e43b3a2ef88d69f7c9d1e76ad232c%1686649843.765",
        "qt/6.5.0#0d44ee906224652aefa158df678ebdc8%1686573277.923",
        "pcre2/10.42#2079a0447f9652dffcbbf1eb73ae2d4e%1670876061.516",
        "openssl/1.1.1t#7d9fc949345908e1b8609d9d9f528a08%1678477939.241",
        "opengl/system#b29589c04d6df84c110d6acb066ab653%1681425065.802",
        "odbc/2.3.11#84d32d803c970271eb2fc58d3e3cc2b5%1676419922.042",
        "md4c/0.4.8#84b2885aa93a27653f5067a77044b0e3%1676819373.828",
        "m4/1.4.19#c1c4b1ee919e34630bb9b50046253d3c%1676610086.39",
        "libxml2/2.11.4#0bf4a1077299f970dce106e1a98d2cf9%1684479420.736",
        "libuuid/1.0.3#2e37af640b92a1ff5b38e6107bf750d8%1682970412.171",
        "libtool/2.4.7#d55a3c2435c19e830fa77aa5c6c19350%1677509454.216",
        "libselinux/3.3#1bb9670b14ef607941dd43bf155ce7e3%1676549596.763",
        "libpq/14.7#93da5c620a8fe2b886c41c191c4a9942%1678181415.687",
        "libpng/1.6.39#70b1f3aa94c15714dbb48153acb32800%1687968865.054",
        "libmount/2.36.2#6820ca7dcf3e62148b7b60049a5ae6e5%1685457161.128",
        "libiconv/1.17#fa54397801cd96911a8294bc5fc76335%1675449822.495",
        "libffi/3.4.4#35eb63842b505824b70aedc1baefc916%1682741110.044",
        "libelf/0.8.13#4f70a3555809ae50cc8add44f0f84288%1682439923.579",
        "icu/72.1#5581254f556e20abb63e9dc43b232c6c%1686762215.243",
        "harfbuzz/6.0.0#465f84c2224941e3d8437322b4fb7515%1684953634.397",
        "glib/2.76.3#7a80c18fbe9f23cfd1f666dd5236b2de%1684934035.525",
        "freetype/2.13.0#a312c096b314c6cfd6b43e290c88928a%1680275296.033",
        "fontconfig/2.13.93#fc17e049aec884b6bccee99a09d2138c%1688148445.037",
        "expat/2.5.0#91e43e4544923e4c934bfad1fa4306f9%1684595996.015",
        "double-conversion/3.2.1#0e6c00f6a48471b4b13163f01bd6bbb2%1676033849.249",
        "bzip2/1.0.8#411fc05e80d47a89045edc1ee6f23c1d%1678293522.814",
        "brotli/1.0.9#ffbecf553112bc3e25a08c91c28b8b68%1676037161.979",
        "automake/1.16.5#891f585a736bce951cc0e7109aa5ffee%1674664460.353",
        "autoconf/2.71#f4e2bd681d49b4b80761aa587bde94d5%1676387919.088"
    ],
    "build_requires": [
        "zlib/1.2.13#e377bee636333ae348d51ca90874e353%1682597484.674",
        "wayland-protocols/1.31#52be073a4183abb8dcdeaa1e8626bcef%1687629155.899",
        "wayland/1.21.0#c070265933a9ae40d0ee1af6cd273c4c%1684505246.314",
        "pkgconf/1.9.3#a920b5c7f8d04f22b9fe03db91a864dd%1677509382.92",
        "ninja/1.11.1#77587f8c8318662ac8e5a7867eb4be21%1684431244.21",
        "meson/1.1.1#9d52de5791d944537595bec6b0ca4251%1685077896.675",
        "meson/1.1.0#6176e4f21370f5820c27da02836c32c9%1681198138.083",
        "meson/1.0.0#15586c0ac6f682805875ef903dbe7ee2%1673885561.647",
        "m4/1.4.19#c1c4b1ee919e34630bb9b50046253d3c%1676610086.39",
        "libxml2/2.11.4#0bf4a1077299f970dce106e1a98d2cf9%1684479420.736",
        "libtool/2.4.7#d55a3c2435c19e830fa77aa5c6c19350%1677509454.216",
        "libiconv/1.17#fa54397801cd96911a8294bc5fc76335%1675449822.495",
        "libffi/3.4.4#35eb63842b505824b70aedc1baefc916%1682741110.044",
        "gperf/3.1#a9335f8833b550f10f655fd243c72978%1676044713.075",
        "gnu-config/cci.20210814#15c3bf7dfdb743977b84d0321534ad90%1681250000.747",
        "flex/2.6.4#e35bc44b3fcbcd661e0af0dc5b5b1ad4%1674818991.113",
        "expat/2.5.0#91e43e4544923e4c934bfad1fa4306f9%1684595996.015",
        "cmake/3.25.3#586c962fa58ccc886a7b2667f7c19ab9%1678699428.979",
        "bison/3.8.2#a8e86b304f8085ddbb22395c99a9a0a8%1671620227.654",
        "automake/1.16.5#891f585a736bce951cc0e7109aa5ffee%1674664460.353",
        "autoconf/2.71#f4e2bd681d49b4b80761aa587bde94d5%1676387919.088"
    ],
    "python_requires": []
}